// !$*UTF8*$!
{
	archiveVersion = 1;
	classes = {
	};
	objectVersion = 45;
	objects = {

/* Begin PBXBuildFile section */
		1DDD58160DA1D0A300B32029 /* MainMenu.xib in Resources */ = {isa = PBXBuildFile; fileRef = 1DDD58140DA1D0A300B32029 /* MainMenu.xib */; };
		631039FA0FC01F2100355C3D /* Slide.m in Sources */ = {isa = PBXBuildFile; fileRef = 631039F90FC01F2100355C3D /* Slide.m */; };
		6365A3C90FBF2C0F00895D69 /* PDFSlideController.m in Sources */ = {isa = PBXBuildFile; fileRef = 6365A3C80FBF2C0F00895D69 /* PDFSlideController.m */; };
		6365A4150FBF355000895D69 /* PDFSlideView.m in Sources */ = {isa = PBXBuildFile; fileRef = 6365A4140FBF355000895D69 /* PDFSlideView.m */; };
		638762B70FC96FB300276EC5 /* TimerView.m in Sources */ = {isa = PBXBuildFile; fileRef = 638762B60FC96FB300276EC5 /* TimerView.m */; };
		63C2A7BF0FCDBC95009DE783 /* Carbon.framework in Frameworks */ = {isa = PBXBuildFile; fileRef = 63C2A77F0FCDBAB6009DE783 /* Carbon.framework */; };
		63C2A7C00FCDBC95009DE783 /* IOKit.framework in Frameworks */ = {isa = PBXBuildFile; fileRef = 63C2A7800FCDBAB6009DE783 /* IOKit.framework */; };
		63C2A7C10FCDBC95009DE783 /* System.framework in Frameworks */ = {isa = PBXBuildFile; fileRef = 63C2A7840FCDBADE009DE783 /* System.framework */; };
		63C2A7DA0FCDBD71009DE783 /* MultiClickRemoteBehavior.m in Sources */ = {isa = PBXBuildFile; fileRef = 63C2A7D90FCDBD71009DE783 /* MultiClickRemoteBehavior.m */; };
		63C2A7DD0FCDBD86009DE783 /* HIDRemoteControlDevice.m in Sources */ = {isa = PBXBuildFile; fileRef = 63C2A7DC0FCDBD86009DE783 /* HIDRemoteControlDevice.m */; };
		63C2A7E00FCDBD9C009DE783 /* RemoteControl.m in Sources */ = {isa = PBXBuildFile; fileRef = 63C2A7DF0FCDBD9C009DE783 /* RemoteControl.m */; };
		63C2A7E90FCDBDB7009DE783 /* AppleRemote.m in Sources */ = {isa = PBXBuildFile; fileRef = 63C2A7E20FCDBDB7009DE783 /* AppleRemote.m */; };
		63C2A7EA0FCDBDB7009DE783 /* GlobalKeyboardDevice.m in Sources */ = {isa = PBXBuildFile; fileRef = 63C2A7E40FCDBDB7009DE783 /* GlobalKeyboardDevice.m */; };
		63C2A7EB0FCDBDB7009DE783 /* KeyspanFrontRowControl.m in Sources */ = {isa = PBXBuildFile; fileRef = 63C2A7E60FCDBDB7009DE783 /* KeyspanFrontRowControl.m */; };
		63C2A7EC0FCDBDB7009DE783 /* RemoteControlContainer.m in Sources */ = {isa = PBXBuildFile; fileRef = 63C2A7E80FCDBDB7009DE783 /* RemoteControlContainer.m */; };
		63F6E9930FC09FB0006BC158 /* PDFDisplay.xib in Resources */ = {isa = PBXBuildFile; fileRef = 63F6E9920FC09FB0006BC158 /* PDFDisplay.xib */; };
		63F6E9990FC0A06A006BC158 /* PDFDisplayController.m in Sources */ = {isa = PBXBuildFile; fileRef = 63F6E9980FC0A06A006BC158 /* PDFDisplayController.m */; };
		63FCE6540FC02634001E634B /* Quartz.framework in Frameworks */ = {isa = PBXBuildFile; fileRef = 63FCE6530FC02634001E634B /* Quartz.framework */; };
		8D11072B0486CEB800E47090 /* InfoPlist.strings in Resources */ = {isa = PBXBuildFile; fileRef = 089C165CFE840E0CC02AAC07 /* InfoPlist.strings */; };
		8D11072D0486CEB800E47090 /* main.m in Sources */ = {isa = PBXBuildFile; fileRef = 29B97316FDCFA39411CA2CEA /* main.m */; settings = {ATTRIBUTES = (); }; };
		8D11072F0486CEB800E47090 /* Cocoa.framework in Frameworks */ = {isa = PBXBuildFile; fileRef = 1058C7A1FEA54F0111CA2CBB /* Cocoa.framework */; };
/* End PBXBuildFile section */

/* Begin PBXFileReference section */
		089C165DFE840E0CC02AAC07 /* English */ = {isa = PBXFileReference; fileEncoding = 10; lastKnownFileType = text.plist.strings; name = English; path = English.lproj/InfoPlist.strings; sourceTree = "<group>"; };
		1058C7A1FEA54F0111CA2CBB /* Cocoa.framework */ = {isa = PBXFileReference; lastKnownFileType = wrapper.framework; name = Cocoa.framework; path = /System/Library/Frameworks/Cocoa.framework; sourceTree = "<absolute>"; };
		13E42FB307B3F0F600E4EEF1 /* CoreData.framework */ = {isa = PBXFileReference; lastKnownFileType = wrapper.framework; name = CoreData.framework; path = /System/Library/Frameworks/CoreData.framework; sourceTree = "<absolute>"; };
		1DDD58150DA1D0A300B32029 /* English */ = {isa = PBXFileReference; lastKnownFileType = file.xib; name = English; path = English.lproj/MainMenu.xib; sourceTree = "<group>"; };
		29B97316FDCFA39411CA2CEA /* main.m */ = {isa = PBXFileReference; fileEncoding = 4; lastKnownFileType = sourcecode.c.objc; path = main.m; sourceTree = "<group>"; };
		29B97324FDCFA39411CA2CEA /* AppKit.framework */ = {isa = PBXFileReference; lastKnownFileType = wrapper.framework; name = AppKit.framework; path = /System/Library/Frameworks/AppKit.framework; sourceTree = "<absolute>"; };
		29B97325FDCFA39411CA2CEA /* Foundation.framework */ = {isa = PBXFileReference; lastKnownFileType = wrapper.framework; name = Foundation.framework; path = /System/Library/Frameworks/Foundation.framework; sourceTree = "<absolute>"; };
		32CA4F630368D1EE00C91783 /* PDFSlide_Prefix.pch */ = {isa = PBXFileReference; fileEncoding = 4; lastKnownFileType = sourcecode.c.h; path = PDFSlide_Prefix.pch; sourceTree = "<group>"; };
		631039F80FC01F2100355C3D /* Slide.h */ = {isa = PBXFileReference; fileEncoding = 4; lastKnownFileType = sourcecode.c.h; path = Slide.h; sourceTree = "<group>"; };
		631039F90FC01F2100355C3D /* Slide.m */ = {isa = PBXFileReference; fileEncoding = 4; lastKnownFileType = sourcecode.c.objc; path = Slide.m; sourceTree = "<group>"; };
		6365A3C70FBF2C0F00895D69 /* PDFSlideController.h */ = {isa = PBXFileReference; fileEncoding = 4; lastKnownFileType = sourcecode.c.h; path = PDFSlideController.h; sourceTree = "<group>"; };
		6365A3C80FBF2C0F00895D69 /* PDFSlideController.m */ = {isa = PBXFileReference; fileEncoding = 4; lastKnownFileType = sourcecode.c.objc; path = PDFSlideController.m; sourceTree = "<group>"; };
		6365A4130FBF355000895D69 /* PDFSlideView.h */ = {isa = PBXFileReference; fileEncoding = 4; lastKnownFileType = sourcecode.c.h; path = PDFSlideView.h; sourceTree = "<group>"; };
		6365A4140FBF355000895D69 /* PDFSlideView.m */ = {isa = PBXFileReference; fileEncoding = 4; lastKnownFileType = sourcecode.c.objc; path = PDFSlideView.m; sourceTree = "<group>"; };
		638762B50FC96FB300276EC5 /* TimerView.h */ = {isa = PBXFileReference; fileEncoding = 4; lastKnownFileType = sourcecode.c.h; path = TimerView.h; sourceTree = "<group>"; };
		638762B60FC96FB300276EC5 /* TimerView.m */ = {isa = PBXFileReference; fileEncoding = 4; lastKnownFileType = sourcecode.c.objc; path = TimerView.m; sourceTree = "<group>"; };
		63C2A77F0FCDBAB6009DE783 /* Carbon.framework */ = {isa = PBXFileReference; lastKnownFileType = wrapper.framework; name = Carbon.framework; path = /System/Library/Frameworks/Carbon.framework; sourceTree = "<absolute>"; };
		63C2A7800FCDBAB6009DE783 /* IOKit.framework */ = {isa = PBXFileReference; lastKnownFileType = wrapper.framework; name = IOKit.framework; path = /System/Library/Frameworks/IOKit.framework; sourceTree = "<absolute>"; };
		63C2A7840FCDBADE009DE783 /* System.framework */ = {isa = PBXFileReference; lastKnownFileType = wrapper.framework; name = System.framework; path = /System/Library/Frameworks/System.framework; sourceTree = "<absolute>"; };
		63C2A7D80FCDBD71009DE783 /* MultiClickRemoteBehavior.h */ = {isa = PBXFileReference; fileEncoding = 4; lastKnownFileType = sourcecode.c.h; name = MultiClickRemoteBehavior.h; path = AppleRemote/MultiClickRemoteBehavior.h; sourceTree = "<group>"; };
		63C2A7D90FCDBD71009DE783 /* MultiClickRemoteBehavior.m */ = {isa = PBXFileReference; fileEncoding = 4; lastKnownFileType = sourcecode.c.objc; name = MultiClickRemoteBehavior.m; path = AppleRemote/MultiClickRemoteBehavior.m; sourceTree = "<group>"; };
		63C2A7DB0FCDBD86009DE783 /* HIDRemoteControlDevice.h */ = {isa = PBXFileReference; fileEncoding = 4; lastKnownFileType = sourcecode.c.h; name = HIDRemoteControlDevice.h; path = AppleRemote/HIDRemoteControlDevice.h; sourceTree = "<group>"; };
		63C2A7DC0FCDBD86009DE783 /* HIDRemoteControlDevice.m */ = {isa = PBXFileReference; fileEncoding = 4; lastKnownFileType = sourcecode.c.objc; name = HIDRemoteControlDevice.m; path = AppleRemote/HIDRemoteControlDevice.m; sourceTree = "<group>"; };
		63C2A7DE0FCDBD9C009DE783 /* RemoteControl.h */ = {isa = PBXFileReference; fileEncoding = 4; lastKnownFileType = sourcecode.c.h; name = RemoteControl.h; path = AppleRemote/RemoteControl.h; sourceTree = "<group>"; };
		63C2A7DF0FCDBD9C009DE783 /* RemoteControl.m */ = {isa = PBXFileReference; fileEncoding = 4; lastKnownFileType = sourcecode.c.objc; name = RemoteControl.m; path = AppleRemote/RemoteControl.m; sourceTree = "<group>"; };
		63C2A7E10FCDBDB7009DE783 /* AppleRemote.h */ = {isa = PBXFileReference; fileEncoding = 4; lastKnownFileType = sourcecode.c.h; name = AppleRemote.h; path = AppleRemote/AppleRemote.h; sourceTree = "<group>"; };
		63C2A7E20FCDBDB7009DE783 /* AppleRemote.m */ = {isa = PBXFileReference; fileEncoding = 4; lastKnownFileType = sourcecode.c.objc; name = AppleRemote.m; path = AppleRemote/AppleRemote.m; sourceTree = "<group>"; };
		63C2A7E30FCDBDB7009DE783 /* GlobalKeyboardDevice.h */ = {isa = PBXFileReference; fileEncoding = 4; lastKnownFileType = sourcecode.c.h; name = GlobalKeyboardDevice.h; path = AppleRemote/GlobalKeyboardDevice.h; sourceTree = "<group>"; };
		63C2A7E40FCDBDB7009DE783 /* GlobalKeyboardDevice.m */ = {isa = PBXFileReference; fileEncoding = 4; lastKnownFileType = sourcecode.c.objc; name = GlobalKeyboardDevice.m; path = AppleRemote/GlobalKeyboardDevice.m; sourceTree = "<group>"; };
		63C2A7E50FCDBDB7009DE783 /* KeyspanFrontRowControl.h */ = {isa = PBXFileReference; fileEncoding = 4; lastKnownFileType = sourcecode.c.h; name = KeyspanFrontRowControl.h; path = AppleRemote/KeyspanFrontRowControl.h; sourceTree = "<group>"; };
		63C2A7E60FCDBDB7009DE783 /* KeyspanFrontRowControl.m */ = {isa = PBXFileReference; fileEncoding = 4; lastKnownFileType = sourcecode.c.objc; name = KeyspanFrontRowControl.m; path = AppleRemote/KeyspanFrontRowControl.m; sourceTree = "<group>"; };
		63C2A7E70FCDBDB7009DE783 /* RemoteControlContainer.h */ = {isa = PBXFileReference; fileEncoding = 4; lastKnownFileType = sourcecode.c.h; name = RemoteControlContainer.h; path = AppleRemote/RemoteControlContainer.h; sourceTree = "<group>"; };
		63C2A7E80FCDBDB7009DE783 /* RemoteControlContainer.m */ = {isa = PBXFileReference; fileEncoding = 4; lastKnownFileType = sourcecode.c.objc; name = RemoteControlContainer.m; path = AppleRemote/RemoteControlContainer.m; sourceTree = "<group>"; };
		63F6E9920FC09FB0006BC158 /* PDFDisplay.xib */ = {isa = PBXFileReference; lastKnownFileType = file.xib; path = PDFDisplay.xib; sourceTree = "<group>"; };
		63F6E9970FC0A06A006BC158 /* PDFDisplayController.h */ = {isa = PBXFileReference; fileEncoding = 4; lastKnownFileType = sourcecode.c.h; path = PDFDisplayController.h; sourceTree = "<group>"; };
		63F6E9980FC0A06A006BC158 /* PDFDisplayController.m */ = {isa = PBXFileReference; fileEncoding = 4; lastKnownFileType = sourcecode.c.objc; path = PDFDisplayController.m; sourceTree = "<group>"; };
		63FCE6530FC02634001E634B /* Quartz.framework */ = {isa = PBXFileReference; lastKnownFileType = wrapper.framework; name = Quartz.framework; path = /System/Library/Frameworks/Quartz.framework; sourceTree = "<absolute>"; };
		8D1107310486CEB800E47090 /* Info.plist */ = {isa = PBXFileReference; fileEncoding = 4; lastKnownFileType = text.plist.xml; path = Info.plist; sourceTree = "<group>"; };
		8D1107320486CEB800E47090 /* PDFSlide.app */ = {isa = PBXFileReference; explicitFileType = wrapper.application; includeInIndex = 0; path = PDFSlide.app; sourceTree = BUILT_PRODUCTS_DIR; };
/* End PBXFileReference section */

/* Begin PBXFrameworksBuildPhase section */
		8D11072E0486CEB800E47090 /* Frameworks */ = {
			isa = PBXFrameworksBuildPhase;
			buildActionMask = 2147483647;
			files = (
				8D11072F0486CEB800E47090 /* Cocoa.framework in Frameworks */,
				63FCE6540FC02634001E634B /* Quartz.framework in Frameworks */,
				63C2A7BF0FCDBC95009DE783 /* Carbon.framework in Frameworks */,
				63C2A7C00FCDBC95009DE783 /* IOKit.framework in Frameworks */,
				63C2A7C10FCDBC95009DE783 /* System.framework in Frameworks */,
			);
			runOnlyForDeploymentPostprocessing = 0;
		};
/* End PBXFrameworksBuildPhase section */

/* Begin PBXGroup section */
		080E96DDFE201D6D7F000001 /* Classes */ = {
			isa = PBXGroup;
			children = (
				6365A3C70FBF2C0F00895D69 /* PDFSlideController.h */,
				6365A3C80FBF2C0F00895D69 /* PDFSlideController.m */,
				6365A4130FBF355000895D69 /* PDFSlideView.h */,
				6365A4140FBF355000895D69 /* PDFSlideView.m */,
				631039F80FC01F2100355C3D /* Slide.h */,
				631039F90FC01F2100355C3D /* Slide.m */,
				63F6E9970FC0A06A006BC158 /* PDFDisplayController.h */,
				63F6E9980FC0A06A006BC158 /* PDFDisplayController.m */,
				638762B50FC96FB300276EC5 /* TimerView.h */,
				638762B60FC96FB300276EC5 /* TimerView.m */,
			);
			name = Classes;
			sourceTree = "<group>";
		};
		1058C7A0FEA54F0111CA2CBB /* Linked Frameworks */ = {
			isa = PBXGroup;
			children = (
				1058C7A1FEA54F0111CA2CBB /* Cocoa.framework */,
			);
			name = "Linked Frameworks";
			sourceTree = "<group>";
		};
		1058C7A2FEA54F0111CA2CBB /* Other Frameworks */ = {
			isa = PBXGroup;
			children = (
				29B97324FDCFA39411CA2CEA /* AppKit.framework */,
				13E42FB307B3F0F600E4EEF1 /* CoreData.framework */,
				29B97325FDCFA39411CA2CEA /* Foundation.framework */,
			);
			name = "Other Frameworks";
			sourceTree = "<group>";
		};
		19C28FACFE9D520D11CA2CBB /* Products */ = {
			isa = PBXGroup;
			children = (
				8D1107320486CEB800E47090 /* PDFSlide.app */,
			);
			name = Products;
			sourceTree = "<group>";
		};
		29B97314FDCFA39411CA2CEA /* PDFSlide */ = {
			isa = PBXGroup;
			children = (
				63C2A7570FCDB9D6009DE783 /* AppleRemote */,
				080E96DDFE201D6D7F000001 /* Classes */,
				29B97315FDCFA39411CA2CEA /* Other Sources */,
				29B97317FDCFA39411CA2CEA /* Resources */,
				29B97323FDCFA39411CA2CEA /* Frameworks */,
				19C28FACFE9D520D11CA2CBB /* Products */,
			);
			name = PDFSlide;
			sourceTree = "<group>";
		};
		29B97315FDCFA39411CA2CEA /* Other Sources */ = {
			isa = PBXGroup;
			children = (
				32CA4F630368D1EE00C91783 /* PDFSlide_Prefix.pch */,
				29B97316FDCFA39411CA2CEA /* main.m */,
			);
			name = "Other Sources";
			sourceTree = "<group>";
		};
		29B97317FDCFA39411CA2CEA /* Resources */ = {
			isa = PBXGroup;
			children = (
				8D1107310486CEB800E47090 /* Info.plist */,
				089C165CFE840E0CC02AAC07 /* InfoPlist.strings */,
				1DDD58140DA1D0A300B32029 /* MainMenu.xib */,
				63F6E9920FC09FB0006BC158 /* PDFDisplay.xib */,
			);
			name = Resources;
			sourceTree = "<group>";
		};
		29B97323FDCFA39411CA2CEA /* Frameworks */ = {
			isa = PBXGroup;
			children = (
				63FCE6530FC02634001E634B /* Quartz.framework */,
				1058C7A0FEA54F0111CA2CBB /* Linked Frameworks */,
				1058C7A2FEA54F0111CA2CBB /* Other Frameworks */,
			);
			name = Frameworks;
			sourceTree = "<group>";
		};
		63C2A7570FCDB9D6009DE783 /* AppleRemote */ = {
			isa = PBXGroup;
			children = (
				63C2A77B0FCDBA86009DE783 /* Frameworks */,
				63C2A75B0FCDB9FD009DE783 /* Devices */,
				63C2A75A0FCDB9F7009DE783 /* Base Classes */,
				63C2A7580FCDB9E1009DE783 /* Behaviors */,
			);
			name = AppleRemote;
			sourceTree = "<group>";
		};
		63C2A7580FCDB9E1009DE783 /* Behaviors */ = {
			isa = PBXGroup;
			children = (
				63C2A7D80FCDBD71009DE783 /* MultiClickRemoteBehavior.h */,
				63C2A7D90FCDBD71009DE783 /* MultiClickRemoteBehavior.m */,
			);
			name = Behaviors;
			sourceTree = "<group>";
		};
		63C2A75A0FCDB9F7009DE783 /* Base Classes */ = {
			isa = PBXGroup;
			children = (
				63C2A7DE0FCDBD9C009DE783 /* RemoteControl.h */,
				63C2A7DF0FCDBD9C009DE783 /* RemoteControl.m */,
				63C2A7DB0FCDBD86009DE783 /* HIDRemoteControlDevice.h */,
				63C2A7DC0FCDBD86009DE783 /* HIDRemoteControlDevice.m */,
			);
			name = "Base Classes";
			sourceTree = "<group>";
		};
		63C2A75B0FCDB9FD009DE783 /* Devices */ = {
			isa = PBXGroup;
			children = (
				63C2A7E10FCDBDB7009DE783 /* AppleRemote.h */,
				63C2A7E20FCDBDB7009DE783 /* AppleRemote.m */,
				63C2A7E30FCDBDB7009DE783 /* GlobalKeyboardDevice.h */,
				63C2A7E40FCDBDB7009DE783 /* GlobalKeyboardDevice.m */,
				63C2A7E50FCDBDB7009DE783 /* KeyspanFrontRowControl.h */,
				63C2A7E60FCDBDB7009DE783 /* KeyspanFrontRowControl.m */,
				63C2A7E70FCDBDB7009DE783 /* RemoteControlContainer.h */,
				63C2A7E80FCDBDB7009DE783 /* RemoteControlContainer.m */,
			);
			name = Devices;
			sourceTree = "<group>";
		};
		63C2A77B0FCDBA86009DE783 /* Frameworks */ = {
			isa = PBXGroup;
			children = (
				63C2A7840FCDBADE009DE783 /* System.framework */,
				63C2A77F0FCDBAB6009DE783 /* Carbon.framework */,
				63C2A7800FCDBAB6009DE783 /* IOKit.framework */,
			);
			name = Frameworks;
			sourceTree = "<group>";
		};
/* End PBXGroup section */

/* Begin PBXNativeTarget section */
		8D1107260486CEB800E47090 /* PDFSlide */ = {
			isa = PBXNativeTarget;
			buildConfigurationList = C01FCF4A08A954540054247B /* Build configuration list for PBXNativeTarget "PDFSlide" */;
			buildPhases = (
				8D1107290486CEB800E47090 /* Resources */,
				8D11072C0486CEB800E47090 /* Sources */,
				8D11072E0486CEB800E47090 /* Frameworks */,
			);
			buildRules = (
			);
			dependencies = (
			);
			name = PDFSlide;
			productInstallPath = "$(HOME)/Applications";
			productName = PDFSlide;
			productReference = 8D1107320486CEB800E47090 /* PDFSlide.app */;
			productType = "com.apple.product-type.application";
		};
/* End PBXNativeTarget section */

/* Begin PBXProject section */
		29B97313FDCFA39411CA2CEA /* Project object */ = {
			isa = PBXProject;
			buildConfigurationList = C01FCF4E08A954540054247B /* Build configuration list for PBXProject "PDFSlide" */;
			compatibilityVersion = "Xcode 3.1";
			hasScannedForEncodings = 1;
			mainGroup = 29B97314FDCFA39411CA2CEA /* PDFSlide */;
			projectDirPath = "";
			projectRoot = "";
			targets = (
				8D1107260486CEB800E47090 /* PDFSlide */,
			);
		};
/* End PBXProject section */

/* Begin PBXResourcesBuildPhase section */
		8D1107290486CEB800E47090 /* Resources */ = {
			isa = PBXResourcesBuildPhase;
			buildActionMask = 2147483647;
			files = (
				8D11072B0486CEB800E47090 /* InfoPlist.strings in Resources */,
				1DDD58160DA1D0A300B32029 /* MainMenu.xib in Resources */,
				63F6E9930FC09FB0006BC158 /* PDFDisplay.xib in Resources */,
			);
			runOnlyForDeploymentPostprocessing = 0;
		};
/* End PBXResourcesBuildPhase section */

/* Begin PBXSourcesBuildPhase section */
		8D11072C0486CEB800E47090 /* Sources */ = {
			isa = PBXSourcesBuildPhase;
			buildActionMask = 2147483647;
			files = (
				8D11072D0486CEB800E47090 /* main.m in Sources */,
				6365A3C90FBF2C0F00895D69 /* PDFSlideController.m in Sources */,
				6365A4150FBF355000895D69 /* PDFSlideView.m in Sources */,
				631039FA0FC01F2100355C3D /* Slide.m in Sources */,
				63F6E9990FC0A06A006BC158 /* PDFDisplayController.m in Sources */,
				638762B70FC96FB300276EC5 /* TimerView.m in Sources */,
				63C2A7DA0FCDBD71009DE783 /* MultiClickRemoteBehavior.m in Sources */,
				63C2A7DD0FCDBD86009DE783 /* HIDRemoteControlDevice.m in Sources */,
				63C2A7E00FCDBD9C009DE783 /* RemoteControl.m in Sources */,
				63C2A7E90FCDBDB7009DE783 /* AppleRemote.m in Sources */,
				63C2A7EA0FCDBDB7009DE783 /* GlobalKeyboardDevice.m in Sources */,
				63C2A7EB0FCDBDB7009DE783 /* KeyspanFrontRowControl.m in Sources */,
				63C2A7EC0FCDBDB7009DE783 /* RemoteControlContainer.m in Sources */,
			);
			runOnlyForDeploymentPostprocessing = 0;
		};
/* End PBXSourcesBuildPhase section */

/* Begin PBXVariantGroup section */
		089C165CFE840E0CC02AAC07 /* InfoPlist.strings */ = {
			isa = PBXVariantGroup;
			children = (
				089C165DFE840E0CC02AAC07 /* English */,
			);
			name = InfoPlist.strings;
			sourceTree = "<group>";
		};
		1DDD58140DA1D0A300B32029 /* MainMenu.xib */ = {
			isa = PBXVariantGroup;
			children = (
				1DDD58150DA1D0A300B32029 /* English */,
			);
			name = MainMenu.xib;
			sourceTree = "<group>";
		};
/* End PBXVariantGroup section */

/* Begin XCBuildConfiguration section */
		C01FCF4B08A954540054247B /* Debug */ = {
			isa = XCBuildConfiguration;
			buildSettings = {
				ALWAYS_SEARCH_USER_PATHS = NO;
				COPY_PHASE_STRIP = NO;
				GCC_DYNAMIC_NO_PIC = NO;
				GCC_ENABLE_FIX_AND_CONTINUE = YES;
				GCC_MODEL_TUNING = G5;
				GCC_OPTIMIZATION_LEVEL = 0;
				GCC_PRECOMPILE_PREFIX_HEADER = YES;
				GCC_PREFIX_HEADER = PDFSlide_Prefix.pch;
				INFOPLIST_FILE = Info.plist;
				INSTALL_PATH = "$(HOME)/Applications";
				PRODUCT_NAME = PDFSlide;
			};
			name = Debug;
		};
		C01FCF4C08A954540054247B /* Release */ = {
			isa = XCBuildConfiguration;
			buildSettings = {
				ALWAYS_SEARCH_USER_PATHS = NO;
				DEBUG_INFORMATION_FORMAT = "dwarf-with-dsym";
				GCC_MODEL_TUNING = G5;
				GCC_PRECOMPILE_PREFIX_HEADER = YES;
				GCC_PREFIX_HEADER = PDFSlide_Prefix.pch;
				INFOPLIST_FILE = Info.plist;
				INSTALL_PATH = "$(HOME)/Applications";
				PRODUCT_NAME = PDFSlide;
			};
			name = Release;
		};
		C01FCF4F08A954540054247B /* Debug */ = {
			isa = XCBuildConfiguration;
			buildSettings = {
				ARCHS = "$(ARCHS_STANDARD_32_BIT)";
				GCC_C_LANGUAGE_STANDARD = c99;
				GCC_ENABLE_OBJC_GC = supported;
				GCC_OPTIMIZATION_LEVEL = 0;
				GCC_WARN_ABOUT_RETURN_TYPE = YES;
				GCC_WARN_UNUSED_VARIABLE = YES;
				ONLY_ACTIVE_ARCH = YES;
				PREBINDING = NO;
				SDKROOT = macosx10.5;
			};
			name = Debug;
		};
		C01FCF5008A954540054247B /* Release */ = {
			isa = XCBuildConfiguration;
			buildSettings = {
				ARCHS = "$(ARCHS_STANDARD_32_BIT)";
				GCC_C_LANGUAGE_STANDARD = c99;
				GCC_WARN_ABOUT_RETURN_TYPE = YES;
				GCC_WARN_UNUSED_VARIABLE = YES;
				PREBINDING = NO;
				SDKROOT = macosx10.5;
			};
			name = Release;
		};
/* End XCBuildConfiguration section */

/* Begin XCConfigurationList section */
		C01FCF4A08A954540054247B /* Build configuration list for PBXNativeTarget "PDFSlide" */ = {
			isa = XCConfigurationList;
			buildConfigurations = (
				C01FCF4B08A954540054247B /* Debug */,
				C01FCF4C08A954540054247B /* Release */,
			);
			defaultConfigurationIsVisible = 0;
			defaultConfigurationName = Release;
		};
		C01FCF4E08A954540054247B /* Build configuration list for PBXProject "PDFSlide" */ = {
			isa = XCConfigurationList;
			buildConfigurations = (
				C01FCF4F08A954540054247B /* Debug */,
				C01FCF5008A954540054247B /* Release */,
			);
			defaultConfigurationIsVisible = 0;
			defaultConfigurationName = Release;
		};
/* End XCConfigurationList section */
	};
	rootObject = 29B97313FDCFA39411CA2CEA /* Project object */;
}
