// !$*UTF8*$!
{
	archiveVersion = 1;
	classes = {
	};
	objectVersion = 45;
	objects = {

/* Begin PBXAggregateTarget section */
		631C4FCF0FDB0E110050689C /* Distribute */ = {
			isa = PBXAggregateTarget;
			buildConfigurationList = 631C4FD20FDB0E2A0050689C /* Build configuration list for PBXAggregateTarget "Distribute" */;
			buildPhases = (
				631C4FCE0FDB0E110050689C /* ShellScript */,
			);
			dependencies = (
				631C4FD40FDB0E350050689C /* PBXTargetDependency */,
			);
			name = Distribute;
			productName = Distribute;
		};
/* End PBXAggregateTarget section */

/* Begin PBXBuildFile section */
		630D10A6116CBC56005555FD /* Sparkle.framework in Frameworks */ = {isa = PBXBuildFile; fileRef = 630D10A5116CBC56005555FD /* Sparkle.framework */; };
		633A09B4116CB80E0078ED8D /* DBPrefsWindowController.m in Sources */ = {isa = PBXBuildFile; fileRef = 633A099F116CB80E0078ED8D /* DBPrefsWindowController.m */; };
		633A09B5116CB80E0078ED8D /* PDFAboutController.m in Sources */ = {isa = PBXBuildFile; fileRef = 633A09A1116CB80E0078ED8D /* PDFAboutController.m */; };
		633A09B6116CB80E0078ED8D /* PDFAnnotatedController.m in Sources */ = {isa = PBXBuildFile; fileRef = 633A09A3116CB80E0078ED8D /* PDFAnnotatedController.m */; };
		633A09B7116CB80E0078ED8D /* PDFDisplayController.m in Sources */ = {isa = PBXBuildFile; fileRef = 633A09A5116CB80E0078ED8D /* PDFDisplayController.m */; };
		633A09B8116CB80E0078ED8D /* PDFPreferencesController.m in Sources */ = {isa = PBXBuildFile; fileRef = 633A09A7116CB80E0078ED8D /* PDFPreferencesController.m */; };
		633A09B9116CB80E0078ED8D /* PDFSlideAnnotatedView.m in Sources */ = {isa = PBXBuildFile; fileRef = 633A09A9116CB80E0078ED8D /* PDFSlideAnnotatedView.m */; };
		633A09BA116CB80E0078ED8D /* PDFSlideController.m in Sources */ = {isa = PBXBuildFile; fileRef = 633A09AB116CB80E0078ED8D /* PDFSlideController.m */; };
		633A09BB116CB80E0078ED8D /* PDFSlideView.m in Sources */ = {isa = PBXBuildFile; fileRef = 633A09AD116CB80E0078ED8D /* PDFSlideView.m */; };
		633A09BC116CB80E0078ED8D /* PSBezierPath.m in Sources */ = {isa = PBXBuildFile; fileRef = 633A09AF116CB80E0078ED8D /* PSBezierPath.m */; };
		633A09BD116CB80E0078ED8D /* PSSlide.m in Sources */ = {isa = PBXBuildFile; fileRef = 633A09B1116CB80E0078ED8D /* PSSlide.m */; };
		633A09BE116CB80E0078ED8D /* PSTimerView.m in Sources */ = {isa = PBXBuildFile; fileRef = 633A09B3116CB80E0078ED8D /* PSTimerView.m */; };
		633A09F4116CB8CB0078ED8D /* AppleRemote.m in Sources */ = {isa = PBXBuildFile; fileRef = 633A09E2116CB8CB0078ED8D /* AppleRemote.m */; };
		633A09F5116CB8CB0078ED8D /* HIDRemoteControlDevice.m in Sources */ = {isa = PBXBuildFile; fileRef = 633A09E4116CB8CB0078ED8D /* HIDRemoteControlDevice.m */; };
		633A09F6116CB8CB0078ED8D /* MultiClickRemoteBehavior.m in Sources */ = {isa = PBXBuildFile; fileRef = 633A09E6116CB8CB0078ED8D /* MultiClickRemoteBehavior.m */; };
		633A09F7116CB8CB0078ED8D /* RemoteControl.m in Sources */ = {isa = PBXBuildFile; fileRef = 633A09E8116CB8CB0078ED8D /* RemoteControl.m */; };
		633A09F8116CB8CB0078ED8D /* SRCommon.m in Sources */ = {isa = PBXBuildFile; fileRef = 633A09EB116CB8CB0078ED8D /* SRCommon.m */; };
		633A09F9116CB8CB0078ED8D /* SRKeyCodeTransformer.m in Sources */ = {isa = PBXBuildFile; fileRef = 633A09ED116CB8CB0078ED8D /* SRKeyCodeTransformer.m */; };
		633A09FA116CB8CB0078ED8D /* SRRecorderCell.m in Sources */ = {isa = PBXBuildFile; fileRef = 633A09EF116CB8CB0078ED8D /* SRRecorderCell.m */; };
		633A09FB116CB8CB0078ED8D /* SRRecorderControl.m in Sources */ = {isa = PBXBuildFile; fileRef = 633A09F1116CB8CB0078ED8D /* SRRecorderControl.m */; };
		633A09FC116CB8CB0078ED8D /* SRValidator.m in Sources */ = {isa = PBXBuildFile; fileRef = 633A09F3116CB8CB0078ED8D /* SRValidator.m */; };
		63BCBBCF0FD5B340009CB2ED /* COPYING in Resources */ = {isa = PBXBuildFile; fileRef = 63BCBBCE0FD5B340009CB2ED /* COPYING */; };
		63C2A7BF0FCDBC95009DE783 /* Carbon.framework in Frameworks */ = {isa = PBXBuildFile; fileRef = 63C2A77F0FCDBAB6009DE783 /* Carbon.framework */; };
		63C2A7C00FCDBC95009DE783 /* IOKit.framework in Frameworks */ = {isa = PBXBuildFile; fileRef = 63C2A7800FCDBAB6009DE783 /* IOKit.framework */; };
		63C2A7C10FCDBC95009DE783 /* System.framework in Frameworks */ = {isa = PBXBuildFile; fileRef = 63C2A7840FCDBADE009DE783 /* System.framework */; };
		63DBAF53116CC0C900E3C3B0 /* PDFSlide.icns in Resources */ = {isa = PBXBuildFile; fileRef = 63DBAF4C116CC0C900E3C3B0 /* PDFSlide.icns */; };
		63DBAF54116CC0C900E3C3B0 /* play-square.svg in Resources */ = {isa = PBXBuildFile; fileRef = 63DBAF4D116CC0C900E3C3B0 /* play-square.svg */; };
		63DBAF55116CC0C900E3C3B0 /* PSAnnotate.icns in Resources */ = {isa = PBXBuildFile; fileRef = 63DBAF4E116CC0C900E3C3B0 /* PSAnnotate.icns */; };
		63DBAF56116CC0C900E3C3B0 /* PSOk.icns in Resources */ = {isa = PBXBuildFile; fileRef = 63DBAF4F116CC0C900E3C3B0 /* PSOk.icns */; };
		63DBAF57116CC0C900E3C3B0 /* PSPassword.icns in Resources */ = {isa = PBXBuildFile; fileRef = 63DBAF50116CC0C900E3C3B0 /* PSPassword.icns */; };
		63DBAF58116CC0C900E3C3B0 /* PSUpdate.icns in Resources */ = {isa = PBXBuildFile; fileRef = 63DBAF51116CC0C900E3C3B0 /* PSUpdate.icns */; };
		63DBAF59116CC0C900E3C3B0 /* TBPointer.icns in Resources */ = {isa = PBXBuildFile; fileRef = 63DBAF52116CC0C900E3C3B0 /* TBPointer.icns */; };
		63DBAF61116CC0E800E3C3B0 /* About.xib in Resources */ = {isa = PBXBuildFile; fileRef = 63DBAF5A116CC0E800E3C3B0 /* About.xib */; };
		63DBAF62116CC0E800E3C3B0 /* Annotate.xib in Resources */ = {isa = PBXBuildFile; fileRef = 63DBAF5B116CC0E800E3C3B0 /* Annotate.xib */; };
		63DBAF63116CC0E800E3C3B0 /* Credits.rtf in Resources */ = {isa = PBXBuildFile; fileRef = 63DBAF5C116CC0E800E3C3B0 /* Credits.rtf */; };
		63DBAF64116CC0E800E3C3B0 /* dsa_pub.pem in Resources */ = {isa = PBXBuildFile; fileRef = 63DBAF5D116CC0E800E3C3B0 /* dsa_pub.pem */; };
		63DBAF65116CC0E800E3C3B0 /* MainMenu.xib in Resources */ = {isa = PBXBuildFile; fileRef = 63DBAF5E116CC0E800E3C3B0 /* MainMenu.xib */; };
		63DBAF66116CC0E800E3C3B0 /* PDFDisplay.xib in Resources */ = {isa = PBXBuildFile; fileRef = 63DBAF5F116CC0E800E3C3B0 /* PDFDisplay.xib */; };
		63DBAF67116CC0E800E3C3B0 /* Preferences.xib in Resources */ = {isa = PBXBuildFile; fileRef = 63DBAF60116CC0E800E3C3B0 /* Preferences.xib */; };
		63FCE6540FC02634001E634B /* Quartz.framework in Frameworks */ = {isa = PBXBuildFile; fileRef = 63FCE6530FC02634001E634B /* Quartz.framework */; };
		8D11072D0486CEB800E47090 /* main.m in Sources */ = {isa = PBXBuildFile; fileRef = 29B97316FDCFA39411CA2CEA /* main.m */; settings = {ATTRIBUTES = (); }; };
		8D11072F0486CEB800E47090 /* Cocoa.framework in Frameworks */ = {isa = PBXBuildFile; fileRef = 1058C7A1FEA54F0111CA2CBB /* Cocoa.framework */; };
/* End PBXBuildFile section */

/* Begin PBXContainerItemProxy section */
		631C4FD30FDB0E350050689C /* PBXContainerItemProxy */ = {
			isa = PBXContainerItemProxy;
			containerPortal = 29B97313FDCFA39411CA2CEA /* Project object */;
			proxyType = 1;
			remoteGlobalIDString = 8D1107260486CEB800E47090;
			remoteInfo = PDFSlide;
		};
/* End PBXContainerItemProxy section */

/* Begin PBXCopyFilesBuildPhase section */
		633880300FDBF01B00B08026 /* CopyFiles */ = {
			isa = PBXCopyFilesBuildPhase;
			buildActionMask = 2147483647;
			dstPath = "";
			dstSubfolderSpec = 10;
			files = (
			);
			runOnlyForDeploymentPostprocessing = 0;
		};
/* End PBXCopyFilesBuildPhase section */

/* Begin PBXFileReference section */
		1058C7A1FEA54F0111CA2CBB /* Cocoa.framework */ = {isa = PBXFileReference; lastKnownFileType = wrapper.framework; name = Cocoa.framework; path = /System/Library/Frameworks/Cocoa.framework; sourceTree = "<absolute>"; };
		13E42FB307B3F0F600E4EEF1 /* CoreData.framework */ = {isa = PBXFileReference; lastKnownFileType = wrapper.framework; name = CoreData.framework; path = /System/Library/Frameworks/CoreData.framework; sourceTree = "<absolute>"; };
		29B97316FDCFA39411CA2CEA /* main.m */ = {isa = PBXFileReference; fileEncoding = 4; lastKnownFileType = sourcecode.c.objc; path = main.m; sourceTree = "<group>"; };
		29B97324FDCFA39411CA2CEA /* AppKit.framework */ = {isa = PBXFileReference; lastKnownFileType = wrapper.framework; name = AppKit.framework; path = /System/Library/Frameworks/AppKit.framework; sourceTree = "<absolute>"; };
		29B97325FDCFA39411CA2CEA /* Foundation.framework */ = {isa = PBXFileReference; lastKnownFileType = wrapper.framework; name = Foundation.framework; path = /System/Library/Frameworks/Foundation.framework; sourceTree = "<absolute>"; };
		32CA4F630368D1EE00C91783 /* PDFSlide_Prefix.pch */ = {isa = PBXFileReference; fileEncoding = 4; lastKnownFileType = sourcecode.c.h; path = PDFSlide_Prefix.pch; sourceTree = "<group>"; };
		630D10A5116CBC56005555FD /* Sparkle.framework */ = {isa = PBXFileReference; lastKnownFileType = wrapper.framework; name = Sparkle.framework; path = lib/Sparkle.framework; sourceTree = "<group>"; };
		633A099E116CB80E0078ED8D /* DBPrefsWindowController.h */ = {isa = PBXFileReference; fileEncoding = 4; lastKnownFileType = sourcecode.c.h; name = DBPrefsWindowController.h; path = src/DBPrefsWindowController.h; sourceTree = "<group>"; };
		633A099F116CB80E0078ED8D /* DBPrefsWindowController.m */ = {isa = PBXFileReference; fileEncoding = 4; lastKnownFileType = sourcecode.c.objc; name = DBPrefsWindowController.m; path = src/DBPrefsWindowController.m; sourceTree = "<group>"; };
		633A09A0116CB80E0078ED8D /* PDFAboutController.h */ = {isa = PBXFileReference; fileEncoding = 4; lastKnownFileType = sourcecode.c.h; name = PDFAboutController.h; path = src/PDFAboutController.h; sourceTree = "<group>"; };
		633A09A1116CB80E0078ED8D /* PDFAboutController.m */ = {isa = PBXFileReference; fileEncoding = 4; lastKnownFileType = sourcecode.c.objc; name = PDFAboutController.m; path = src/PDFAboutController.m; sourceTree = "<group>"; };
		633A09A2116CB80E0078ED8D /* PDFAnnotatedController.h */ = {isa = PBXFileReference; fileEncoding = 4; lastKnownFileType = sourcecode.c.h; name = PDFAnnotatedController.h; path = src/PDFAnnotatedController.h; sourceTree = "<group>"; };
		633A09A3116CB80E0078ED8D /* PDFAnnotatedController.m */ = {isa = PBXFileReference; fileEncoding = 4; lastKnownFileType = sourcecode.c.objc; name = PDFAnnotatedController.m; path = src/PDFAnnotatedController.m; sourceTree = "<group>"; };
		633A09A4116CB80E0078ED8D /* PDFDisplayController.h */ = {isa = PBXFileReference; fileEncoding = 4; lastKnownFileType = sourcecode.c.h; name = PDFDisplayController.h; path = src/PDFDisplayController.h; sourceTree = "<group>"; };
		633A09A5116CB80E0078ED8D /* PDFDisplayController.m */ = {isa = PBXFileReference; fileEncoding = 4; lastKnownFileType = sourcecode.c.objc; name = PDFDisplayController.m; path = src/PDFDisplayController.m; sourceTree = "<group>"; };
		633A09A6116CB80E0078ED8D /* PDFPreferencesController.h */ = {isa = PBXFileReference; fileEncoding = 4; lastKnownFileType = sourcecode.c.h; name = PDFPreferencesController.h; path = src/PDFPreferencesController.h; sourceTree = "<group>"; };
		633A09A7116CB80E0078ED8D /* PDFPreferencesController.m */ = {isa = PBXFileReference; fileEncoding = 4; lastKnownFileType = sourcecode.c.objc; name = PDFPreferencesController.m; path = src/PDFPreferencesController.m; sourceTree = "<group>"; };
		633A09A8116CB80E0078ED8D /* PDFSlideAnnotatedView.h */ = {isa = PBXFileReference; fileEncoding = 4; lastKnownFileType = sourcecode.c.h; name = PDFSlideAnnotatedView.h; path = src/PDFSlideAnnotatedView.h; sourceTree = "<group>"; };
		633A09A9116CB80E0078ED8D /* PDFSlideAnnotatedView.m */ = {isa = PBXFileReference; fileEncoding = 4; lastKnownFileType = sourcecode.c.objc; name = PDFSlideAnnotatedView.m; path = src/PDFSlideAnnotatedView.m; sourceTree = "<group>"; };
		633A09AA116CB80E0078ED8D /* PDFSlideController.h */ = {isa = PBXFileReference; fileEncoding = 4; lastKnownFileType = sourcecode.c.h; name = PDFSlideController.h; path = src/PDFSlideController.h; sourceTree = "<group>"; };
		633A09AB116CB80E0078ED8D /* PDFSlideController.m */ = {isa = PBXFileReference; fileEncoding = 4; lastKnownFileType = sourcecode.c.objc; name = PDFSlideController.m; path = src/PDFSlideController.m; sourceTree = "<group>"; };
		633A09AC116CB80E0078ED8D /* PDFSlideView.h */ = {isa = PBXFileReference; fileEncoding = 4; lastKnownFileType = sourcecode.c.h; name = PDFSlideView.h; path = src/PDFSlideView.h; sourceTree = "<group>"; };
		633A09AD116CB80E0078ED8D /* PDFSlideView.m */ = {isa = PBXFileReference; fileEncoding = 4; lastKnownFileType = sourcecode.c.objc; name = PDFSlideView.m; path = src/PDFSlideView.m; sourceTree = "<group>"; };
		633A09AE116CB80E0078ED8D /* PSBezierPath.h */ = {isa = PBXFileReference; fileEncoding = 4; lastKnownFileType = sourcecode.c.h; name = PSBezierPath.h; path = src/PSBezierPath.h; sourceTree = "<group>"; };
		633A09AF116CB80E0078ED8D /* PSBezierPath.m */ = {isa = PBXFileReference; fileEncoding = 4; lastKnownFileType = sourcecode.c.objc; name = PSBezierPath.m; path = src/PSBezierPath.m; sourceTree = "<group>"; };
		633A09B0116CB80E0078ED8D /* PSSlide.h */ = {isa = PBXFileReference; fileEncoding = 4; lastKnownFileType = sourcecode.c.h; name = PSSlide.h; path = src/PSSlide.h; sourceTree = "<group>"; };
		633A09B1116CB80E0078ED8D /* PSSlide.m */ = {isa = PBXFileReference; fileEncoding = 4; lastKnownFileType = sourcecode.c.objc; name = PSSlide.m; path = src/PSSlide.m; sourceTree = "<group>"; };
		633A09B2116CB80E0078ED8D /* PSTimerView.h */ = {isa = PBXFileReference; fileEncoding = 4; lastKnownFileType = sourcecode.c.h; name = PSTimerView.h; path = src/PSTimerView.h; sourceTree = "<group>"; };
		633A09B3116CB80E0078ED8D /* PSTimerView.m */ = {isa = PBXFileReference; fileEncoding = 4; lastKnownFileType = sourcecode.c.objc; name = PSTimerView.m; path = src/PSTimerView.m; sourceTree = "<group>"; };
		633A09E1116CB8CB0078ED8D /* AppleRemote.h */ = {isa = PBXFileReference; fileEncoding = 4; lastKnownFileType = sourcecode.c.h; path = AppleRemote.h; sourceTree = "<group>"; };
		633A09E2116CB8CB0078ED8D /* AppleRemote.m */ = {isa = PBXFileReference; fileEncoding = 4; lastKnownFileType = sourcecode.c.objc; path = AppleRemote.m; sourceTree = "<group>"; };
		633A09E3116CB8CB0078ED8D /* HIDRemoteControlDevice.h */ = {isa = PBXFileReference; fileEncoding = 4; lastKnownFileType = sourcecode.c.h; path = HIDRemoteControlDevice.h; sourceTree = "<group>"; };
		633A09E4116CB8CB0078ED8D /* HIDRemoteControlDevice.m */ = {isa = PBXFileReference; fileEncoding = 4; lastKnownFileType = sourcecode.c.objc; path = HIDRemoteControlDevice.m; sourceTree = "<group>"; };
		633A09E5116CB8CB0078ED8D /* MultiClickRemoteBehavior.h */ = {isa = PBXFileReference; fileEncoding = 4; lastKnownFileType = sourcecode.c.h; path = MultiClickRemoteBehavior.h; sourceTree = "<group>"; };
		633A09E6116CB8CB0078ED8D /* MultiClickRemoteBehavior.m */ = {isa = PBXFileReference; fileEncoding = 4; lastKnownFileType = sourcecode.c.objc; path = MultiClickRemoteBehavior.m; sourceTree = "<group>"; };
		633A09E7116CB8CB0078ED8D /* RemoteControl.h */ = {isa = PBXFileReference; fileEncoding = 4; lastKnownFileType = sourcecode.c.h; path = RemoteControl.h; sourceTree = "<group>"; };
		633A09E8116CB8CB0078ED8D /* RemoteControl.m */ = {isa = PBXFileReference; fileEncoding = 4; lastKnownFileType = sourcecode.c.objc; path = RemoteControl.m; sourceTree = "<group>"; };
		633A09EA116CB8CB0078ED8D /* SRCommon.h */ = {isa = PBXFileReference; fileEncoding = 4; lastKnownFileType = sourcecode.c.h; path = SRCommon.h; sourceTree = "<group>"; };
		633A09EB116CB8CB0078ED8D /* SRCommon.m */ = {isa = PBXFileReference; fileEncoding = 4; lastKnownFileType = sourcecode.c.objc; path = SRCommon.m; sourceTree = "<group>"; };
		633A09EC116CB8CB0078ED8D /* SRKeyCodeTransformer.h */ = {isa = PBXFileReference; fileEncoding = 4; lastKnownFileType = sourcecode.c.h; path = SRKeyCodeTransformer.h; sourceTree = "<group>"; };
		633A09ED116CB8CB0078ED8D /* SRKeyCodeTransformer.m */ = {isa = PBXFileReference; fileEncoding = 4; lastKnownFileType = sourcecode.c.objc; path = SRKeyCodeTransformer.m; sourceTree = "<group>"; };
		633A09EE116CB8CB0078ED8D /* SRRecorderCell.h */ = {isa = PBXFileReference; fileEncoding = 4; lastKnownFileType = sourcecode.c.h; path = SRRecorderCell.h; sourceTree = "<group>"; };
		633A09EF116CB8CB0078ED8D /* SRRecorderCell.m */ = {isa = PBXFileReference; fileEncoding = 4; lastKnownFileType = sourcecode.c.objc; path = SRRecorderCell.m; sourceTree = "<group>"; };
		633A09F0116CB8CB0078ED8D /* SRRecorderControl.h */ = {isa = PBXFileReference; fileEncoding = 4; lastKnownFileType = sourcecode.c.h; path = SRRecorderControl.h; sourceTree = "<group>"; };
		633A09F1116CB8CB0078ED8D /* SRRecorderControl.m */ = {isa = PBXFileReference; fileEncoding = 4; lastKnownFileType = sourcecode.c.objc; path = SRRecorderControl.m; sourceTree = "<group>"; };
		633A09F2116CB8CB0078ED8D /* SRValidator.h */ = {isa = PBXFileReference; fileEncoding = 4; lastKnownFileType = sourcecode.c.h; path = SRValidator.h; sourceTree = "<group>"; };
		633A09F3116CB8CB0078ED8D /* SRValidator.m */ = {isa = PBXFileReference; fileEncoding = 4; lastKnownFileType = sourcecode.c.objc; path = SRValidator.m; sourceTree = "<group>"; };
		63BCBBCE0FD5B340009CB2ED /* COPYING */ = {isa = PBXFileReference; fileEncoding = 4; lastKnownFileType = text; path = COPYING; sourceTree = "<group>"; };
		63C2A77F0FCDBAB6009DE783 /* Carbon.framework */ = {isa = PBXFileReference; lastKnownFileType = wrapper.framework; name = Carbon.framework; path = /System/Library/Frameworks/Carbon.framework; sourceTree = "<absolute>"; };
		63C2A7800FCDBAB6009DE783 /* IOKit.framework */ = {isa = PBXFileReference; lastKnownFileType = wrapper.framework; name = IOKit.framework; path = /System/Library/Frameworks/IOKit.framework; sourceTree = "<absolute>"; };
		63C2A7840FCDBADE009DE783 /* System.framework */ = {isa = PBXFileReference; lastKnownFileType = wrapper.framework; name = System.framework; path = /System/Library/Frameworks/System.framework; sourceTree = "<absolute>"; };
		63DBAF4C116CC0C900E3C3B0 /* PDFSlide.icns */ = {isa = PBXFileReference; lastKnownFileType = image.icns; path = PDFSlide.icns; sourceTree = "<group>"; };
		63DBAF4D116CC0C900E3C3B0 /* play-square.svg */ = {isa = PBXFileReference; fileEncoding = 4; lastKnownFileType = text.xml; path = "play-square.svg"; sourceTree = "<group>"; };
		63DBAF4E116CC0C900E3C3B0 /* PSAnnotate.icns */ = {isa = PBXFileReference; lastKnownFileType = image.icns; path = PSAnnotate.icns; sourceTree = "<group>"; };
		63DBAF4F116CC0C900E3C3B0 /* PSOk.icns */ = {isa = PBXFileReference; lastKnownFileType = image.icns; path = PSOk.icns; sourceTree = "<group>"; };
		63DBAF50116CC0C900E3C3B0 /* PSPassword.icns */ = {isa = PBXFileReference; lastKnownFileType = image.icns; path = PSPassword.icns; sourceTree = "<group>"; };
		63DBAF51116CC0C900E3C3B0 /* PSUpdate.icns */ = {isa = PBXFileReference; lastKnownFileType = image.icns; path = PSUpdate.icns; sourceTree = "<group>"; };
		63DBAF52116CC0C900E3C3B0 /* TBPointer.icns */ = {isa = PBXFileReference; lastKnownFileType = image.icns; path = TBPointer.icns; sourceTree = "<group>"; };
		63DBAF5A116CC0E800E3C3B0 /* About.xib */ = {isa = PBXFileReference; lastKnownFileType = file.xib; name = About.xib; path = res/About.xib; sourceTree = "<group>"; };
		63DBAF5B116CC0E800E3C3B0 /* Annotate.xib */ = {isa = PBXFileReference; lastKnownFileType = file.xib; name = Annotate.xib; path = res/Annotate.xib; sourceTree = "<group>"; };
		63DBAF5C116CC0E800E3C3B0 /* Credits.rtf */ = {isa = PBXFileReference; lastKnownFileType = text.rtf; name = Credits.rtf; path = res/Credits.rtf; sourceTree = "<group>"; };
		63DBAF5D116CC0E800E3C3B0 /* dsa_pub.pem */ = {isa = PBXFileReference; fileEncoding = 4; lastKnownFileType = text; name = dsa_pub.pem; path = res/dsa_pub.pem; sourceTree = "<group>"; };
		63DBAF5E116CC0E800E3C3B0 /* MainMenu.xib */ = {isa = PBXFileReference; lastKnownFileType = file.xib; name = MainMenu.xib; path = res/MainMenu.xib; sourceTree = "<group>"; };
		63DBAF5F116CC0E800E3C3B0 /* PDFDisplay.xib */ = {isa = PBXFileReference; lastKnownFileType = file.xib; name = PDFDisplay.xib; path = res/PDFDisplay.xib; sourceTree = "<group>"; };
		63DBAF60116CC0E800E3C3B0 /* Preferences.xib */ = {isa = PBXFileReference; lastKnownFileType = file.xib; name = Preferences.xib; path = res/Preferences.xib; sourceTree = "<group>"; };
		63FCE6530FC02634001E634B /* Quartz.framework */ = {isa = PBXFileReference; lastKnownFileType = wrapper.framework; name = Quartz.framework; path = /System/Library/Frameworks/Quartz.framework; sourceTree = "<absolute>"; };
		8D1107310486CEB800E47090 /* Info.plist */ = {isa = PBXFileReference; fileEncoding = 4; lastKnownFileType = text.plist.xml; path = Info.plist; sourceTree = "<group>"; };
		8D1107320486CEB800E47090 /* PDFSlide.app */ = {isa = PBXFileReference; explicitFileType = wrapper.application; includeInIndex = 0; path = PDFSlide.app; sourceTree = BUILT_PRODUCTS_DIR; };
/* End PBXFileReference section */

/* Begin PBXFrameworksBuildPhase section */
		8D11072E0486CEB800E47090 /* Frameworks */ = {
			isa = PBXFrameworksBuildPhase;
			buildActionMask = 2147483647;
			files = (
				8D11072F0486CEB800E47090 /* Cocoa.framework in Frameworks */,
				63FCE6540FC02634001E634B /* Quartz.framework in Frameworks */,
				63C2A7BF0FCDBC95009DE783 /* Carbon.framework in Frameworks */,
				63C2A7C00FCDBC95009DE783 /* IOKit.framework in Frameworks */,
				63C2A7C10FCDBC95009DE783 /* System.framework in Frameworks */,
				630D10A6116CBC56005555FD /* Sparkle.framework in Frameworks */,
			);
			runOnlyForDeploymentPostprocessing = 0;
		};
/* End PBXFrameworksBuildPhase section */

/* Begin PBXGroup section */
		080E96DDFE201D6D7F000001 /* Classes */ = {
			isa = PBXGroup;
			children = (
				633A099E116CB80E0078ED8D /* DBPrefsWindowController.h */,
				633A099F116CB80E0078ED8D /* DBPrefsWindowController.m */,
				633A09A0116CB80E0078ED8D /* PDFAboutController.h */,
				633A09A1116CB80E0078ED8D /* PDFAboutController.m */,
				633A09A2116CB80E0078ED8D /* PDFAnnotatedController.h */,
				633A09A3116CB80E0078ED8D /* PDFAnnotatedController.m */,
				633A09A4116CB80E0078ED8D /* PDFDisplayController.h */,
				633A09A5116CB80E0078ED8D /* PDFDisplayController.m */,
				633A09A6116CB80E0078ED8D /* PDFPreferencesController.h */,
				633A09A7116CB80E0078ED8D /* PDFPreferencesController.m */,
				633A09A8116CB80E0078ED8D /* PDFSlideAnnotatedView.h */,
				633A09A9116CB80E0078ED8D /* PDFSlideAnnotatedView.m */,
				633A09AA116CB80E0078ED8D /* PDFSlideController.h */,
				633A09AB116CB80E0078ED8D /* PDFSlideController.m */,
				633A09AC116CB80E0078ED8D /* PDFSlideView.h */,
				633A09AD116CB80E0078ED8D /* PDFSlideView.m */,
				633A09AE116CB80E0078ED8D /* PSBezierPath.h */,
				633A09AF116CB80E0078ED8D /* PSBezierPath.m */,
				633A09B0116CB80E0078ED8D /* PSSlide.h */,
				633A09B1116CB80E0078ED8D /* PSSlide.m */,
				633A09B2116CB80E0078ED8D /* PSTimerView.h */,
				633A09B3116CB80E0078ED8D /* PSTimerView.m */,
			);
			name = Classes;
			sourceTree = "<group>";
		};
		1058C7A0FEA54F0111CA2CBB /* Linked Frameworks */ = {
			isa = PBXGroup;
			children = (
				1058C7A1FEA54F0111CA2CBB /* Cocoa.framework */,
				630D10A5116CBC56005555FD /* Sparkle.framework */,
			);
			name = "Linked Frameworks";
			sourceTree = "<group>";
		};
		1058C7A2FEA54F0111CA2CBB /* Other Frameworks */ = {
			isa = PBXGroup;
			children = (
				63C2A7840FCDBADE009DE783 /* System.framework */,
				63C2A77F0FCDBAB6009DE783 /* Carbon.framework */,
				63C2A7800FCDBAB6009DE783 /* IOKit.framework */,
				63FCE6530FC02634001E634B /* Quartz.framework */,
				29B97324FDCFA39411CA2CEA /* AppKit.framework */,
				13E42FB307B3F0F600E4EEF1 /* CoreData.framework */,
				29B97325FDCFA39411CA2CEA /* Foundation.framework */,
			);
			name = "Other Frameworks";
			sourceTree = "<group>";
		};
		19C28FACFE9D520D11CA2CBB /* Products */ = {
			isa = PBXGroup;
			children = (
				8D1107320486CEB800E47090 /* PDFSlide.app */,
			);
			name = Products;
			sourceTree = "<group>";
		};
		29B97314FDCFA39411CA2CEA /* PDFSlide */ = {
			isa = PBXGroup;
			children = (
				633A09DF116CB8BA0078ED8D /* Libraries */,
				080E96DDFE201D6D7F000001 /* Classes */,
				29B97315FDCFA39411CA2CEA /* Other Sources */,
				29B97317FDCFA39411CA2CEA /* Resources */,
				29B97323FDCFA39411CA2CEA /* Frameworks */,
				19C28FACFE9D520D11CA2CBB /* Products */,
			);
			name = PDFSlide;
			sourceTree = "<group>";
		};
		29B97315FDCFA39411CA2CEA /* Other Sources */ = {
			isa = PBXGroup;
			children = (
				63BCBBCE0FD5B340009CB2ED /* COPYING */,
				32CA4F630368D1EE00C91783 /* PDFSlide_Prefix.pch */,
				29B97316FDCFA39411CA2CEA /* main.m */,
			);
			name = "Other Sources";
			sourceTree = "<group>";
		};
		29B97317FDCFA39411CA2CEA /* Resources */ = {
			isa = PBXGroup;
			children = (
				63DBAF5A116CC0E800E3C3B0 /* About.xib */,
				63DBAF5B116CC0E800E3C3B0 /* Annotate.xib */,
				63DBAF5C116CC0E800E3C3B0 /* Credits.rtf */,
				63DBAF5D116CC0E800E3C3B0 /* dsa_pub.pem */,
				63DBAF5E116CC0E800E3C3B0 /* MainMenu.xib */,
				63DBAF5F116CC0E800E3C3B0 /* PDFDisplay.xib */,
				63DBAF60116CC0E800E3C3B0 /* Preferences.xib */,
				63DBAF4B116CC0C900E3C3B0 /* icons */,
				8D1107310486CEB800E47090 /* Info.plist */,
			);
			name = Resources;
			sourceTree = "<group>";
		};
		29B97323FDCFA39411CA2CEA /* Frameworks */ = {
			isa = PBXGroup;
			children = (
				1058C7A0FEA54F0111CA2CBB /* Linked Frameworks */,
				1058C7A2FEA54F0111CA2CBB /* Other Frameworks */,
			);
			name = Frameworks;
			sourceTree = "<group>";
		};
		633A09DF116CB8BA0078ED8D /* Libraries */ = {
			isa = PBXGroup;
			children = (
				633A09E0116CB8CB0078ED8D /* AppleRemote */,
				633A09E9116CB8CB0078ED8D /* SRRecorder */,
			);
			name = Libraries;
			sourceTree = "<group>";
		};
		633A09E0116CB8CB0078ED8D /* AppleRemote */ = {
			isa = PBXGroup;
			children = (
				633A09E1116CB8CB0078ED8D /* AppleRemote.h */,
				633A09E2116CB8CB0078ED8D /* AppleRemote.m */,
				633A09E3116CB8CB0078ED8D /* HIDRemoteControlDevice.h */,
				633A09E4116CB8CB0078ED8D /* HIDRemoteControlDevice.m */,
				633A09E5116CB8CB0078ED8D /* MultiClickRemoteBehavior.h */,
				633A09E6116CB8CB0078ED8D /* MultiClickRemoteBehavior.m */,
				633A09E7116CB8CB0078ED8D /* RemoteControl.h */,
				633A09E8116CB8CB0078ED8D /* RemoteControl.m */,
			);
			name = AppleRemote;
			path = lib/AppleRemote;
			sourceTree = "<group>";
		};
		633A09E9116CB8CB0078ED8D /* SRRecorder */ = {
			isa = PBXGroup;
			children = (
				633A09EA116CB8CB0078ED8D /* SRCommon.h */,
				633A09EB116CB8CB0078ED8D /* SRCommon.m */,
				633A09EC116CB8CB0078ED8D /* SRKeyCodeTransformer.h */,
				633A09ED116CB8CB0078ED8D /* SRKeyCodeTransformer.m */,
				633A09EE116CB8CB0078ED8D /* SRRecorderCell.h */,
				633A09EF116CB8CB0078ED8D /* SRRecorderCell.m */,
				633A09F0116CB8CB0078ED8D /* SRRecorderControl.h */,
				633A09F1116CB8CB0078ED8D /* SRRecorderControl.m */,
				633A09F2116CB8CB0078ED8D /* SRValidator.h */,
				633A09F3116CB8CB0078ED8D /* SRValidator.m */,
			);
			name = SRRecorder;
			path = lib/SRRecorder;
			sourceTree = "<group>";
		};
		63DBAF4B116CC0C900E3C3B0 /* icons */ = {
			isa = PBXGroup;
			children = (
				63DBAF4C116CC0C900E3C3B0 /* PDFSlide.icns */,
				63DBAF4D116CC0C900E3C3B0 /* play-square.svg */,
				63DBAF4E116CC0C900E3C3B0 /* PSAnnotate.icns */,
				63DBAF4F116CC0C900E3C3B0 /* PSOk.icns */,
				63DBAF50116CC0C900E3C3B0 /* PSPassword.icns */,
				63DBAF51116CC0C900E3C3B0 /* PSUpdate.icns */,
				63DBAF52116CC0C900E3C3B0 /* TBPointer.icns */,
			);
			name = icons;
			path = res/icons;
			sourceTree = "<group>";
		};
/* End PBXGroup section */

/* Begin PBXNativeTarget section */
		8D1107260486CEB800E47090 /* PDFSlide */ = {
			isa = PBXNativeTarget;
			buildConfigurationList = C01FCF4A08A954540054247B /* Build configuration list for PBXNativeTarget "PDFSlide" */;
			buildPhases = (
				8D1107290486CEB800E47090 /* Resources */,
				8D11072C0486CEB800E47090 /* Sources */,
				8D11072E0486CEB800E47090 /* Frameworks */,
				633880300FDBF01B00B08026 /* CopyFiles */,
			);
			buildRules = (
			);
			dependencies = (
			);
			name = PDFSlide;
			productInstallPath = "$(HOME)/Applications";
			productName = PDFSlide;
			productReference = 8D1107320486CEB800E47090 /* PDFSlide.app */;
			productType = "com.apple.product-type.application";
		};
/* End PBXNativeTarget section */

/* Begin PBXProject section */
		29B97313FDCFA39411CA2CEA /* Project object */ = {
			isa = PBXProject;
			buildConfigurationList = C01FCF4E08A954540054247B /* Build configuration list for PBXProject "PDFSlide" */;
			compatibilityVersion = "Xcode 3.1";
			hasScannedForEncodings = 1;
			mainGroup = 29B97314FDCFA39411CA2CEA /* PDFSlide */;
			projectDirPath = "";
			projectRoot = "";
			targets = (
				8D1107260486CEB800E47090 /* PDFSlide */,
				631C4FCF0FDB0E110050689C /* Distribute */,
			);
		};
/* End PBXProject section */

/* Begin PBXResourcesBuildPhase section */
		8D1107290486CEB800E47090 /* Resources */ = {
			isa = PBXResourcesBuildPhase;
			buildActionMask = 2147483647;
			files = (
				63BCBBCF0FD5B340009CB2ED /* COPYING in Resources */,
				63DBAF53116CC0C900E3C3B0 /* PDFSlide.icns in Resources */,
				63DBAF54116CC0C900E3C3B0 /* play-square.svg in Resources */,
				63DBAF55116CC0C900E3C3B0 /* PSAnnotate.icns in Resources */,
				63DBAF56116CC0C900E3C3B0 /* PSOk.icns in Resources */,
				63DBAF57116CC0C900E3C3B0 /* PSPassword.icns in Resources */,
				63DBAF58116CC0C900E3C3B0 /* PSUpdate.icns in Resources */,
				63DBAF59116CC0C900E3C3B0 /* TBPointer.icns in Resources */,
				63DBAF61116CC0E800E3C3B0 /* About.xib in Resources */,
				63DBAF62116CC0E800E3C3B0 /* Annotate.xib in Resources */,
				63DBAF63116CC0E800E3C3B0 /* Credits.rtf in Resources */,
				63DBAF64116CC0E800E3C3B0 /* dsa_pub.pem in Resources */,
				63DBAF65116CC0E800E3C3B0 /* MainMenu.xib in Resources */,
				63DBAF66116CC0E800E3C3B0 /* PDFDisplay.xib in Resources */,
				63DBAF67116CC0E800E3C3B0 /* Preferences.xib in Resources */,
			);
			runOnlyForDeploymentPostprocessing = 0;
		};
/* End PBXResourcesBuildPhase section */

/* Begin PBXShellScriptBuildPhase section */
		631C4FCE0FDB0E110050689C /* ShellScript */ = {
			isa = PBXShellScriptBuildPhase;
			buildActionMask = 2147483647;
			files = (
			);
			inputPaths = (
			);
			outputPaths = (
			);
			runOnlyForDeploymentPostprocessing = 0;
			shellPath = /bin/bash;
			shellScript = "VERSION=0.1.2.1\nIMAGEDIR=$TEMP_DIR/$PROJECT_NAME\nDMGNAME=$PROJECT_NAME-$VERSION.dmg\nKEYCHAIN_PRIVKEY_NAME=\"Sparkle Private Key 1\"\nPRIV_KEY=~/.ssh/pdfslide_priv.pem\nDOWNLOAD_URL=http://downloads.sourceforge.net/pdfslide/$DMGNAME\n\n#create a copy of the project\nrm -rf /tmp/$PROJECT_NAME\ncp -R $SRCROOT /tmp/$PROJECT_NAME\n\n#strip out all the unnessisary stuff\nrm -rf /tmp/$PROJECT_NAME/.git\nrm -rf /tmp/$PROJECT_NAME/build\nrm -rf /tmp/$PROJECT_NAME/dist\n\n#Create a Temp Directory to hold final dist\nrm -rf $IMAGEDIR\nmkdir $IMAGEDIR\n\nrm -rf $SRCROOT/dist\nmkdir $SRCROOT/dist\n\n#create a source archive\ncd /tmp\ntar cfz $SRCROOT/dist/$PROJECT_NAME-$VERSION.tar.gz $PROJECT_NAME\ncd $SRCROOT\n\n#copy the file to the image so we can construct the diskimage\ncp $SRCROOT/COPYING $IMAGEDIR\ncp -r $TARGET_BUILD_DIR/$PROJECT_NAME.app $IMAGEDIR\nhdiutil create -srcfolder $IMAGEDIR $SRCROOT/dist/$DMGNAME\n\n#do all the processing for sparkle\ncd $SRCROOT/dist\nSIZE=$(stat -f %z \"$DMGNAME\") \nPUBDATE=$(date +\"%a, %d %b %G %T %z\")\nSIGNATURE=$(openssl dgst -sha1 -binary < \"$DMGNAME\" | openssl dgst -dss1 -sign <(cat $PRIV_KEY) | openssl enc -base64)\n\ncat >> appcast-$PROJECT_NAME-$VERSION.xml <<EOF\n\t\t<item>\n\t\t\t<title>Version $VERSION</title>\n\t\t\t<description><![CDATA[\n<h1>Version $VERSION</h1>\n\n<h2>Features</h2>\n<ul>\n<li>Insert New Features Here</li>\n</ul>\n\n<h2>Bug Fixes</h2>\n<ul>\n<li>Insert Bug Fixes Here</li>\n</ul>\n\t\t\t]]></description>\n\t\t\t<pubDate>$PUBDATE</pubDate>\n\t\t\t<enclosure\n\t\t\t\turl=\"$DOWNLOAD_URL\"\n\t\t\t\tsparkle:version=\"$VERSION\"\n\t\t\t\ttype=\"application/x-apple-diskimage\"\n\t\t\t\tlength=\"$SIZE\"\n\t\t\t\tsparkle:dsaSignature=\"$SIGNATURE\"\n\t\t\t/>\n\t\t</item>\nEOF\n\nexit 0";
		};
/* End PBXShellScriptBuildPhase section */

/* Begin PBXSourcesBuildPhase section */
		8D11072C0486CEB800E47090 /* Sources */ = {
			isa = PBXSourcesBuildPhase;
			buildActionMask = 2147483647;
			files = (
				8D11072D0486CEB800E47090 /* main.m in Sources */,
				633A09B4116CB80E0078ED8D /* DBPrefsWindowController.m in Sources */,
				633A09B5116CB80E0078ED8D /* PDFAboutController.m in Sources */,
				633A09B6116CB80E0078ED8D /* PDFAnnotatedController.m in Sources */,
				633A09B7116CB80E0078ED8D /* PDFDisplayController.m in Sources */,
				633A09B8116CB80E0078ED8D /* PDFPreferencesController.m in Sources */,
				633A09B9116CB80E0078ED8D /* PDFSlideAnnotatedView.m in Sources */,
				633A09BA116CB80E0078ED8D /* PDFSlideController.m in Sources */,
				633A09BB116CB80E0078ED8D /* PDFSlideView.m in Sources */,
				633A09BC116CB80E0078ED8D /* PSBezierPath.m in Sources */,
				633A09BD116CB80E0078ED8D /* PSSlide.m in Sources */,
				633A09BE116CB80E0078ED8D /* PSTimerView.m in Sources */,
				633A09F4116CB8CB0078ED8D /* AppleRemote.m in Sources */,
				633A09F5116CB8CB0078ED8D /* HIDRemoteControlDevice.m in Sources */,
				633A09F6116CB8CB0078ED8D /* MultiClickRemoteBehavior.m in Sources */,
				633A09F7116CB8CB0078ED8D /* RemoteControl.m in Sources */,
				633A09F8116CB8CB0078ED8D /* SRCommon.m in Sources */,
				633A09F9116CB8CB0078ED8D /* SRKeyCodeTransformer.m in Sources */,
				633A09FA116CB8CB0078ED8D /* SRRecorderCell.m in Sources */,
				633A09FB116CB8CB0078ED8D /* SRRecorderControl.m in Sources */,
				633A09FC116CB8CB0078ED8D /* SRValidator.m in Sources */,
			);
			runOnlyForDeploymentPostprocessing = 0;
		};
/* End PBXSourcesBuildPhase section */

/* Begin PBXTargetDependency section */
		631C4FD40FDB0E350050689C /* PBXTargetDependency */ = {
			isa = PBXTargetDependency;
			target = 8D1107260486CEB800E47090 /* PDFSlide */;
			targetProxy = 631C4FD30FDB0E350050689C /* PBXContainerItemProxy */;
		};
/* End PBXTargetDependency section */

/* Begin XCBuildConfiguration section */
		631C4FD00FDB0E110050689C /* Debug */ = {
			isa = XCBuildConfiguration;
			buildSettings = {
				COPY_PHASE_STRIP = NO;
				GCC_DYNAMIC_NO_PIC = NO;
				GCC_OPTIMIZATION_LEVEL = 0;
				PRODUCT_NAME = Distribute;
			};
			name = Debug;
		};
		631C4FD10FDB0E110050689C /* Release */ = {
			isa = XCBuildConfiguration;
			buildSettings = {
				COPY_PHASE_STRIP = YES;
				DEBUG_INFORMATION_FORMAT = "dwarf-with-dsym";
				GCC_ENABLE_FIX_AND_CONTINUE = NO;
				PRODUCT_NAME = Distribute;
				ZERO_LINK = NO;
			};
			name = Release;
		};
		C01FCF4B08A954540054247B /* Debug */ = {
			isa = XCBuildConfiguration;
			buildSettings = {
				ALWAYS_SEARCH_USER_PATHS = NO;
				COPY_PHASE_STRIP = NO;
				FRAMEWORK_SEARCH_PATHS = (
					"$(inherited)",
					"\"$(SRCROOT)\"",
					"\"$(SRCROOT)/lib\"",
				);
				GCC_DYNAMIC_NO_PIC = NO;
				GCC_ENABLE_FIX_AND_CONTINUE = YES;
				GCC_MODEL_TUNING = G5;
				GCC_OPTIMIZATION_LEVEL = 0;
				GCC_PRECOMPILE_PREFIX_HEADER = YES;
				GCC_PREFIX_HEADER = PDFSlide_Prefix.pch;
				INFOPLIST_FILE = Info.plist;
				INSTALL_PATH = "$(HOME)/Applications";
				PRODUCT_NAME = PDFSlide;
			};
			name = Debug;
		};
		C01FCF4C08A954540054247B /* Release */ = {
			isa = XCBuildConfiguration;
			buildSettings = {
				ALWAYS_SEARCH_USER_PATHS = NO;
				DEBUG_INFORMATION_FORMAT = "dwarf-with-dsym";
				FRAMEWORK_SEARCH_PATHS = (
					"$(inherited)",
					"\"$(SRCROOT)\"",
					"\"$(SRCROOT)/lib\"",
				);
				GCC_MODEL_TUNING = G5;
				GCC_PRECOMPILE_PREFIX_HEADER = YES;
				GCC_PREFIX_HEADER = PDFSlide_Prefix.pch;
				INFOPLIST_FILE = Info.plist;
				INSTALL_PATH = "$(HOME)/Applications";
				PRODUCT_NAME = PDFSlide;
			};
			name = Release;
		};
		C01FCF4F08A954540054247B /* Debug */ = {
			isa = XCBuildConfiguration;
			buildSettings = {
				ARCHS = "$(ARCHS_STANDARD_32_64_BIT)";
				GCC_C_LANGUAGE_STANDARD = c99;
				GCC_ENABLE_OBJC_GC = supported;
				GCC_OPTIMIZATION_LEVEL = 0;
				GCC_WARN_ABOUT_RETURN_TYPE = YES;
				GCC_WARN_UNUSED_VARIABLE = YES;
				HEADER_SEARCH_PATHS = ./lib/;
				ONLY_ACTIVE_ARCH = YES;
				PREBINDING = NO;
				SDKROOT = macosx10.5;
			};
			name = Debug;
		};
		C01FCF5008A954540054247B /* Release */ = {
			isa = XCBuildConfiguration;
			buildSettings = {
				ARCHS = "$(ARCHS_STANDARD_32_64_BIT)";
				GCC_C_LANGUAGE_STANDARD = c99;
				GCC_ENABLE_OBJC_GC = supported;
				GCC_WARN_ABOUT_RETURN_TYPE = YES;
				GCC_WARN_UNUSED_VARIABLE = YES;
				HEADER_SEARCH_PATHS = ./lib/;
				PREBINDING = NO;
				SDKROOT = macosx10.5;
			};
			name = Release;
		};
/* End XCBuildConfiguration section */

/* Begin XCConfigurationList section */
		631C4FD20FDB0E2A0050689C /* Build configuration list for PBXAggregateTarget "Distribute" */ = {
			isa = XCConfigurationList;
			buildConfigurations = (
				631C4FD00FDB0E110050689C /* Debug */,
				631C4FD10FDB0E110050689C /* Release */,
			);
			defaultConfigurationIsVisible = 0;
			defaultConfigurationName = Release;
		};
		C01FCF4A08A954540054247B /* Build configuration list for PBXNativeTarget "PDFSlide" */ = {
			isa = XCConfigurationList;
			buildConfigurations = (
				C01FCF4B08A954540054247B /* Debug */,
				C01FCF4C08A954540054247B /* Release */,
			);
			defaultConfigurationIsVisible = 0;
			defaultConfigurationName = Release;
		};
		C01FCF4E08A954540054247B /* Build configuration list for PBXProject "PDFSlide" */ = {
			isa = XCConfigurationList;
			buildConfigurations = (
				C01FCF4F08A954540054247B /* Debug */,
				C01FCF5008A954540054247B /* Release */,
			);
			defaultConfigurationIsVisible = 0;
			defaultConfigurationName = Release;
		};
/* End XCConfigurationList section */
	};
	rootObject = 29B97313FDCFA39411CA2CEA /* Project object */;
}
